// !$*UTF8*$!
{
	archiveVersion = 1;
	classes = {
	};
	objectVersion = 48;
	objects = {

/* Begin PBXBuildFile section */
		1EF6B7EC41B9AFA50345638A /* Pods_Favour.framework in Frameworks */ = {isa = PBXBuildFile; fileRef = 1E9D9CFE896B2763C582AB8A /* Pods_Favour.framework */; };
		DCAFA1C620056D230012FDDA /* AppDelegate.swift in Sources */ = {isa = PBXBuildFile; fileRef = DCAFA1C520056D230012FDDA /* AppDelegate.swift */; };
		DCAFA1C820056D230012FDDA /* ViewController.swift in Sources */ = {isa = PBXBuildFile; fileRef = DCAFA1C720056D230012FDDA /* ViewController.swift */; };
		DCAFA1CB20056D230012FDDA /* Main.storyboard in Resources */ = {isa = PBXBuildFile; fileRef = DCAFA1C920056D230012FDDA /* Main.storyboard */; };
		DCAFA1CE20056D230012FDDA /* Favour.xcdatamodeld in Sources */ = {isa = PBXBuildFile; fileRef = DCAFA1CC20056D230012FDDA /* Favour.xcdatamodeld */; };
		DCAFA1D020056D230012FDDA /* Assets.xcassets in Resources */ = {isa = PBXBuildFile; fileRef = DCAFA1CF20056D230012FDDA /* Assets.xcassets */; };
		DCAFA1D320056D230012FDDA /* LaunchScreen.storyboard in Resources */ = {isa = PBXBuildFile; fileRef = DCAFA1D120056D230012FDDA /* LaunchScreen.storyboard */; };
		DCD000592005D1CB00CB527B /* Posts.swift in Sources */ = {isa = PBXBuildFile; fileRef = DCD000582005D1CB00CB527B /* Posts.swift */; };
		DCD0005B2005D1EB00CB527B /* FeedController.swift in Sources */ = {isa = PBXBuildFile; fileRef = DCD0005A2005D1EB00CB527B /* FeedController.swift */; };
		DCD000602017E4FB00CB527B /* addController.swift in Sources */ = {isa = PBXBuildFile; fileRef = DCD0005F2017E4FB00CB527B /* addController.swift */; };
		DCD00064201805CD00CB527B /* PostModel.swift in Sources */ = {isa = PBXBuildFile; fileRef = DCD00063201805CD00CB527B /* PostModel.swift */; };
		DCD0FEA520056EED00CB527B /* rutherford-south-.jpg in Resources */ = {isa = PBXBuildFile; fileRef = DCD0FEA420056EED00CB527B /* rutherford-south-.jpg */; };
		DCE527902018E1E90036E71E /* DetailFeedViewController.swift in Sources */ = {isa = PBXBuildFile; fileRef = DCE5278F2018E1E90036E71E /* DetailFeedViewController.swift */; };
/* End PBXBuildFile section */

/* Begin PBXFileReference section */
		1739BA8CB93F14DFC355E1C3 /* Pods-Favour.debug.xcconfig */ = {isa = PBXFileReference; includeInIndex = 1; lastKnownFileType = text.xcconfig; name = "Pods-Favour.debug.xcconfig"; path = "Pods/Target Support Files/Pods-Favour/Pods-Favour.debug.xcconfig"; sourceTree = "<group>"; };
		1E9D9CFE896B2763C582AB8A /* Pods_Favour.framework */ = {isa = PBXFileReference; explicitFileType = wrapper.framework; includeInIndex = 0; path = Pods_Favour.framework; sourceTree = BUILT_PRODUCTS_DIR; };
		DCAFA1C220056D230012FDDA /* Favour.app */ = {isa = PBXFileReference; explicitFileType = wrapper.application; includeInIndex = 0; path = Favour.app; sourceTree = BUILT_PRODUCTS_DIR; };
		DCAFA1C520056D230012FDDA /* AppDelegate.swift */ = {isa = PBXFileReference; lastKnownFileType = sourcecode.swift; path = AppDelegate.swift; sourceTree = "<group>"; };
		DCAFA1C720056D230012FDDA /* ViewController.swift */ = {isa = PBXFileReference; lastKnownFileType = sourcecode.swift; path = ViewController.swift; sourceTree = "<group>"; };
		DCAFA1CA20056D230012FDDA /* Base */ = {isa = PBXFileReference; lastKnownFileType = file.storyboard; name = Base; path = Base.lproj/Main.storyboard; sourceTree = "<group>"; };
		DCAFA1CD20056D230012FDDA /* Favour.xcdatamodel */ = {isa = PBXFileReference; lastKnownFileType = wrapper.xcdatamodel; path = Favour.xcdatamodel; sourceTree = "<group>"; };
		DCAFA1CF20056D230012FDDA /* Assets.xcassets */ = {isa = PBXFileReference; lastKnownFileType = folder.assetcatalog; path = Assets.xcassets; sourceTree = "<group>"; };
		DCAFA1D220056D230012FDDA /* Base */ = {isa = PBXFileReference; lastKnownFileType = file.storyboard; name = Base; path = Base.lproj/LaunchScreen.storyboard; sourceTree = "<group>"; };
		DCAFA1D420056D230012FDDA /* Info.plist */ = {isa = PBXFileReference; lastKnownFileType = text.plist.xml; path = Info.plist; sourceTree = "<group>"; };
		DCD000582005D1CB00CB527B /* Posts.swift */ = {isa = PBXFileReference; lastKnownFileType = sourcecode.swift; path = Posts.swift; sourceTree = "<group>"; };
		DCD0005A2005D1EB00CB527B /* FeedController.swift */ = {isa = PBXFileReference; lastKnownFileType = sourcecode.swift; path = FeedController.swift; sourceTree = "<group>"; };
		DCD0005E2012A99000CB527B /* Unknown */ = {isa = PBXFileReference; lastKnownFileType = file; path = Unknown; sourceTree = "<group>"; };
		DCD0005F2017E4FB00CB527B /* addController.swift */ = {isa = PBXFileReference; lastKnownFileType = sourcecode.swift; path = addController.swift; sourceTree = "<group>"; };
		DCD00063201805CD00CB527B /* PostModel.swift */ = {isa = PBXFileReference; lastKnownFileType = sourcecode.swift; path = PostModel.swift; sourceTree = "<group>"; };
		DCD0FEA420056EED00CB527B /* rutherford-south-.jpg */ = {isa = PBXFileReference; lastKnownFileType = image.jpeg; path = "rutherford-south-.jpg"; sourceTree = "<group>"; };
		DCE5278F2018E1E90036E71E /* DetailFeedViewController.swift */ = {isa = PBXFileReference; lastKnownFileType = sourcecode.swift; path = DetailFeedViewController.swift; sourceTree = "<group>"; };
		EFC7C83ED80C25CEEBB7A83A /* Pods-Favour.release.xcconfig */ = {isa = PBXFileReference; includeInIndex = 1; lastKnownFileType = text.xcconfig; name = "Pods-Favour.release.xcconfig"; path = "Pods/Target Support Files/Pods-Favour/Pods-Favour.release.xcconfig"; sourceTree = "<group>"; };
/* End PBXFileReference section */

/* Begin PBXFrameworksBuildPhase section */
		DCAFA1BF20056D230012FDDA /* Frameworks */ = {
			isa = PBXFrameworksBuildPhase;
			buildActionMask = 2147483647;
			files = (
				1EF6B7EC41B9AFA50345638A /* Pods_Favour.framework in Frameworks */,
			);
			runOnlyForDeploymentPostprocessing = 0;
		};
/* End PBXFrameworksBuildPhase section */

/* Begin PBXGroup section */
		DCAFA1B920056D230012FDDA = {
			isa = PBXGroup;
			children = (
				DCAFA1C420056D230012FDDA /* Favour */,
				DCAFA1C320056D230012FDDA /* Products */,
				DCD0FEA620057F2700CB527B /* Frameworks */,
				F5C308F37B5C92471AF05221 /* Pods */,
			);
			sourceTree = "<group>";
		};
		DCAFA1C320056D230012FDDA /* Products */ = {
			isa = PBXGroup;
			children = (
				DCAFA1C220056D230012FDDA /* Favour.app */,
			);
			name = Products;
			sourceTree = "<group>";
		};
		DCAFA1C420056D230012FDDA /* Favour */ = {
			isa = PBXGroup;
			children = (
				DCD000582005D1CB00CB527B /* Posts.swift */,
				DCD0005A2005D1EB00CB527B /* FeedController.swift */,
				DCD00063201805CD00CB527B /* PostModel.swift */,
				DCD0005F2017E4FB00CB527B /* addController.swift */,
				DCAFA1C520056D230012FDDA /* AppDelegate.swift */,
				DCAFA1C720056D230012FDDA /* ViewController.swift */,
				DCE5278F2018E1E90036E71E /* DetailFeedViewController.swift */,
				DCAFA1C920056D230012FDDA /* Main.storyboard */,
				DCAFA1CF20056D230012FDDA /* Assets.xcassets */,
				DCD0FEA420056EED00CB527B /* rutherford-south-.jpg */,
				DCD0005E2012A99000CB527B /* Unknown */,
				DCAFA1D120056D230012FDDA /* LaunchScreen.storyboard */,
				DCAFA1D420056D230012FDDA /* Info.plist */,
				DCAFA1CC20056D230012FDDA /* Favour.xcdatamodeld */,
			);
			path = Favour;
			sourceTree = "<group>";
		};
		DCD0FEA620057F2700CB527B /* Frameworks */ = {
			isa = PBXGroup;
			children = (
				1E9D9CFE896B2763C582AB8A /* Pods_Favour.framework */,
			);
			name = Frameworks;
			sourceTree = "<group>";
		};
		F5C308F37B5C92471AF05221 /* Pods */ = {
			isa = PBXGroup;
			children = (
				1739BA8CB93F14DFC355E1C3 /* Pods-Favour.debug.xcconfig */,
				EFC7C83ED80C25CEEBB7A83A /* Pods-Favour.release.xcconfig */,
			);
			name = Pods;
			sourceTree = "<group>";
		};
/* End PBXGroup section */

/* Begin PBXNativeTarget section */
		DCAFA1C120056D230012FDDA /* Favour */ = {
			isa = PBXNativeTarget;
			buildConfigurationList = DCAFA1D720056D230012FDDA /* Build configuration list for PBXNativeTarget "Favour" */;
			buildPhases = (
				4A9C9BEFF99518F4EFFBEC09 /* [CP] Check Pods Manifest.lock */,
				DCAFA1BE20056D230012FDDA /* Sources */,
				DCAFA1BF20056D230012FDDA /* Frameworks */,
				DCAFA1C020056D230012FDDA /* Resources */,
				B721927DA860201B31CB0325 /* [CP] Embed Pods Frameworks */,
				4652DE222534DFC49A0E6FDB /* [CP] Copy Pods Resources */,
			);
			buildRules = (
			);
			dependencies = (
			);
			name = Favour;
			productName = Favour;
			productReference = DCAFA1C220056D230012FDDA /* Favour.app */;
			productType = "com.apple.product-type.application";
		};
/* End PBXNativeTarget section */

/* Begin PBXProject section */
		DCAFA1BA20056D230012FDDA /* Project object */ = {
			isa = PBXProject;
			attributes = {
				LastSwiftUpdateCheck = 0920;
				LastUpgradeCheck = 0920;
				ORGANIZATIONNAME = "Omar Ali Mohamud";
				TargetAttributes = {
					DCAFA1C120056D230012FDDA = {
						CreatedOnToolsVersion = 9.2;
						ProvisioningStyle = Automatic;
					};
				};
			};
			buildConfigurationList = DCAFA1BD20056D230012FDDA /* Build configuration list for PBXProject "Favour" */;
			compatibilityVersion = "Xcode 8.0";
			developmentRegion = en;
			hasScannedForEncodings = 0;
			knownRegions = (
				en,
				Base,
			);
			mainGroup = DCAFA1B920056D230012FDDA;
			productRefGroup = DCAFA1C320056D230012FDDA /* Products */;
			projectDirPath = "";
			projectRoot = "";
			targets = (
				DCAFA1C120056D230012FDDA /* Favour */,
			);
		};
/* End PBXProject section */

/* Begin PBXResourcesBuildPhase section */
		DCAFA1C020056D230012FDDA /* Resources */ = {
			isa = PBXResourcesBuildPhase;
			buildActionMask = 2147483647;
			files = (
				DCAFA1D320056D230012FDDA /* LaunchScreen.storyboard in Resources */,
				DCAFA1D020056D230012FDDA /* Assets.xcassets in Resources */,
				DCD0FEA520056EED00CB527B /* rutherford-south-.jpg in Resources */,
				DCAFA1CB20056D230012FDDA /* Main.storyboard in Resources */,
			);
			runOnlyForDeploymentPostprocessing = 0;
		};
/* End PBXResourcesBuildPhase section */

/* Begin PBXShellScriptBuildPhase section */
		4652DE222534DFC49A0E6FDB /* [CP] Copy Pods Resources */ = {
			isa = PBXShellScriptBuildPhase;
			buildActionMask = 2147483647;
			files = (
			);
			inputPaths = (
			);
			name = "[CP] Copy Pods Resources";
			outputPaths = (
			);
			runOnlyForDeploymentPostprocessing = 0;
			shellPath = /bin/sh;
			shellScript = "\"${SRCROOT}/Pods/Target Support Files/Pods-Favour/Pods-Favour-resources.sh\"\n";
			showEnvVarsInLog = 0;
		};
		4A9C9BEFF99518F4EFFBEC09 /* [CP] Check Pods Manifest.lock */ = {
			isa = PBXShellScriptBuildPhase;
			buildActionMask = 2147483647;
			files = (
			);
			inputPaths = (
				"${PODS_PODFILE_DIR_PATH}/Podfile.lock",
				"${PODS_ROOT}/Manifest.lock",
			);
			name = "[CP] Check Pods Manifest.lock";
			outputPaths = (
				"$(DERIVED_FILE_DIR)/Pods-Favour-checkManifestLockResult.txt",
			);
			runOnlyForDeploymentPostprocessing = 0;
			shellPath = /bin/sh;
			shellScript = "diff \"${PODS_PODFILE_DIR_PATH}/Podfile.lock\" \"${PODS_ROOT}/Manifest.lock\" > /dev/null\nif [ $? != 0 ] ; then\n    # print error to STDERR\n    echo \"error: The sandbox is not in sync with the Podfile.lock. Run 'pod install' or update your CocoaPods installation.\" >&2\n    exit 1\nfi\n# This output is used by Xcode 'outputs' to avoid re-running this script phase.\necho \"SUCCESS\" > \"${SCRIPT_OUTPUT_FILE_0}\"\n";
			showEnvVarsInLog = 0;
		};
		B721927DA860201B31CB0325 /* [CP] Embed Pods Frameworks */ = {
			isa = PBXShellScriptBuildPhase;
			buildActionMask = 2147483647;
			files = (
			);
			inputPaths = (
				"${SRCROOT}/Pods/Target Support Files/Pods-Favour/Pods-Favour-frameworks.sh",
				"${BUILT_PRODUCTS_DIR}/Bolts/Bolts.framework",
				"${BUILT_PRODUCTS_DIR}/FBSDKCoreKit/FBSDKCoreKit.framework",
				"${BUILT_PRODUCTS_DIR}/FBSDKLoginKit/FBSDKLoginKit.framework",
				"${BUILT_PRODUCTS_DIR}/FacebookCore/FacebookCore.framework",
				"${BUILT_PRODUCTS_DIR}/FacebookLogin/FacebookLogin.framework",
			);
			name = "[CP] Embed Pods Frameworks";
			outputPaths = (
				"${TARGET_BUILD_DIR}/${FRAMEWORKS_FOLDER_PATH}/Bolts.framework",
				"${TARGET_BUILD_DIR}/${FRAMEWORKS_FOLDER_PATH}/FBSDKCoreKit.framework",
				"${TARGET_BUILD_DIR}/${FRAMEWORKS_FOLDER_PATH}/FBSDKLoginKit.framework",
				"${TARGET_BUILD_DIR}/${FRAMEWORKS_FOLDER_PATH}/FacebookCore.framework",
				"${TARGET_BUILD_DIR}/${FRAMEWORKS_FOLDER_PATH}/FacebookLogin.framework",
			);
			runOnlyForDeploymentPostprocessing = 0;
			shellPath = /bin/sh;
			shellScript = "\"${SRCROOT}/Pods/Target Support Files/Pods-Favour/Pods-Favour-frameworks.sh\"\n";
			showEnvVarsInLog = 0;
		};
/* End PBXShellScriptBuildPhase section */

/* Begin PBXSourcesBuildPhase section */
		DCAFA1BE20056D230012FDDA /* Sources */ = {
			isa = PBXSourcesBuildPhase;
			buildActionMask = 2147483647;
			files = (
				DCAFA1C820056D230012FDDA /* ViewController.swift in Sources */,
				DCD000602017E4FB00CB527B /* addController.swift in Sources */,
				DCD0005B2005D1EB00CB527B /* FeedController.swift in Sources */,
				DCD00064201805CD00CB527B /* PostModel.swift in Sources */,
				DCAFA1CE20056D230012FDDA /* Favour.xcdatamodeld in Sources */,
				DCAFA1C620056D230012FDDA /* AppDelegate.swift in Sources */,
				DCD000592005D1CB00CB527B /* Posts.swift in Sources */,
				DCE527902018E1E90036E71E /* DetailFeedViewController.swift in Sources */,
			);
			runOnlyForDeploymentPostprocessing = 0;
		};
/* End PBXSourcesBuildPhase section */

/* Begin PBXVariantGroup section */
		DCAFA1C920056D230012FDDA /* Main.storyboard */ = {
			isa = PBXVariantGroup;
			children = (
				DCAFA1CA20056D230012FDDA /* Base */,
			);
			name = Main.storyboard;
			sourceTree = "<group>";
		};
		DCAFA1D120056D230012FDDA /* LaunchScreen.storyboard */ = {
			isa = PBXVariantGroup;
			children = (
				DCAFA1D220056D230012FDDA /* Base */,
			);
			name = LaunchScreen.storyboard;
			sourceTree = "<group>";
		};
/* End PBXVariantGroup section */

/* Begin XCBuildConfiguration section */
		DCAFA1D520056D230012FDDA /* Debug */ = {
			isa = XCBuildConfiguration;
			buildSettings = {
				ALWAYS_SEARCH_USER_PATHS = NO;
				CLANG_ANALYZER_NONNULL = YES;
				CLANG_ANALYZER_NUMBER_OBJECT_CONVERSION = YES_AGGRESSIVE;
				CLANG_CXX_LANGUAGE_STANDARD = "gnu++14";
				CLANG_CXX_LIBRARY = "libc++";
				CLANG_ENABLE_MODULES = YES;
				CLANG_ENABLE_OBJC_ARC = YES;
				CLANG_WARN_BLOCK_CAPTURE_AUTORELEASING = YES;
				CLANG_WARN_BOOL_CONVERSION = YES;
				CLANG_WARN_COMMA = YES;
				CLANG_WARN_CONSTANT_CONVERSION = YES;
				CLANG_WARN_DIRECT_OBJC_ISA_USAGE = YES_ERROR;
				CLANG_WARN_DOCUMENTATION_COMMENTS = YES;
				CLANG_WARN_EMPTY_BODY = YES;
				CLANG_WARN_ENUM_CONVERSION = YES;
				CLANG_WARN_INFINITE_RECURSION = YES;
				CLANG_WARN_INT_CONVERSION = YES;
				CLANG_WARN_NON_LITERAL_NULL_CONVERSION = YES;
				CLANG_WARN_OBJC_LITERAL_CONVERSION = YES;
				CLANG_WARN_OBJC_ROOT_CLASS = YES_ERROR;
				CLANG_WARN_RANGE_LOOP_ANALYSIS = YES;
				CLANG_WARN_STRICT_PROTOTYPES = YES;
				CLANG_WARN_SUSPICIOUS_MOVE = YES;
				CLANG_WARN_UNGUARDED_AVAILABILITY = YES_AGGRESSIVE;
				CLANG_WARN_UNREACHABLE_CODE = YES;
				CLANG_WARN__DUPLICATE_METHOD_MATCH = YES;
				CODE_SIGN_IDENTITY = "iPhone Developer";
				COPY_PHASE_STRIP = NO;
				DEBUG_INFORMATION_FORMAT = dwarf;
				ENABLE_STRICT_OBJC_MSGSEND = YES;
				ENABLE_TESTABILITY = YES;
				GCC_C_LANGUAGE_STANDARD = gnu11;
				GCC_DYNAMIC_NO_PIC = NO;
				GCC_NO_COMMON_BLOCKS = YES;
				GCC_OPTIMIZATION_LEVEL = 0;
				GCC_PREPROCESSOR_DEFINITIONS = (
					"DEBUG=1",
					"$(inherited)",
				);
				GCC_WARN_64_TO_32_BIT_CONVERSION = YES;
				GCC_WARN_ABOUT_RETURN_TYPE = YES_ERROR;
				GCC_WARN_UNDECLARED_SELECTOR = YES;
				GCC_WARN_UNINITIALIZED_AUTOS = YES_AGGRESSIVE;
				GCC_WARN_UNUSED_FUNCTION = YES;
				GCC_WARN_UNUSED_VARIABLE = YES;
				IPHONEOS_DEPLOYMENT_TARGET = 11.2;
				MTL_ENABLE_DEBUG_INFO = YES;
				ONLY_ACTIVE_ARCH = YES;
				SDKROOT = iphoneos;
				SWIFT_ACTIVE_COMPILATION_CONDITIONS = DEBUG;
				SWIFT_OPTIMIZATION_LEVEL = "-Onone";
			};
			name = Debug;
		};
		DCAFA1D620056D230012FDDA /* Release */ = {
			isa = XCBuildConfiguration;
			buildSettings = {
				ALWAYS_SEARCH_USER_PATHS = NO;
				CLANG_ANALYZER_NONNULL = YES;
				CLANG_ANALYZER_NUMBER_OBJECT_CONVERSION = YES_AGGRESSIVE;
				CLANG_CXX_LANGUAGE_STANDARD = "gnu++14";
				CLANG_CXX_LIBRARY = "libc++";
				CLANG_ENABLE_MODULES = YES;
				CLANG_ENABLE_OBJC_ARC = YES;
				CLANG_WARN_BLOCK_CAPTURE_AUTORELEASING = YES;
				CLANG_WARN_BOOL_CONVERSION = YES;
				CLANG_WARN_COMMA = YES;
				CLANG_WARN_CONSTANT_CONVERSION = YES;
				CLANG_WARN_DIRECT_OBJC_ISA_USAGE = YES_ERROR;
				CLANG_WARN_DOCUMENTATION_COMMENTS = YES;
				CLANG_WARN_EMPTY_BODY = YES;
				CLANG_WARN_ENUM_CONVERSION = YES;
				CLANG_WARN_INFINITE_RECURSION = YES;
				CLANG_WARN_INT_CONVERSION = YES;
				CLANG_WARN_NON_LITERAL_NULL_CONVERSION = YES;
				CLANG_WARN_OBJC_LITERAL_CONVERSION = YES;
				CLANG_WARN_OBJC_ROOT_CLASS = YES_ERROR;
				CLANG_WARN_RANGE_LOOP_ANALYSIS = YES;
				CLANG_WARN_STRICT_PROTOTYPES = YES;
				CLANG_WARN_SUSPICIOUS_MOVE = YES;
				CLANG_WARN_UNGUARDED_AVAILABILITY = YES_AGGRESSIVE;
				CLANG_WARN_UNREACHABLE_CODE = YES;
				CLANG_WARN__DUPLICATE_METHOD_MATCH = YES;
				CODE_SIGN_IDENTITY = "iPhone Developer";
				COPY_PHASE_STRIP = NO;
				DEBUG_INFORMATION_FORMAT = "dwarf-with-dsym";
				ENABLE_NS_ASSERTIONS = NO;
				ENABLE_STRICT_OBJC_MSGSEND = YES;
				GCC_C_LANGUAGE_STANDARD = gnu11;
				GCC_NO_COMMON_BLOCKS = YES;
				GCC_WARN_64_TO_32_BIT_CONVERSION = YES;
				GCC_WARN_ABOUT_RETURN_TYPE = YES_ERROR;
				GCC_WARN_UNDECLARED_SELECTOR = YES;
				GCC_WARN_UNINITIALIZED_AUTOS = YES_AGGRESSIVE;
				GCC_WARN_UNUSED_FUNCTION = YES;
				GCC_WARN_UNUSED_VARIABLE = YES;
				IPHONEOS_DEPLOYMENT_TARGET = 11.2;
				MTL_ENABLE_DEBUG_INFO = NO;
				SDKROOT = iphoneos;
				SWIFT_OPTIMIZATION_LEVEL = "-Owholemodule";
				VALIDATE_PRODUCT = YES;
			};
			name = Release;
		};
		DCAFA1D820056D230012FDDA /* Debug */ = {
			isa = XCBuildConfiguration;
			baseConfigurationReference = 1739BA8CB93F14DFC355E1C3 /* Pods-Favour.debug.xcconfig */;
			buildSettings = {
				ASSETCATALOG_COMPILER_APPICON_NAME = AppIcon;
				CODE_SIGN_STYLE = Automatic;
				ENABLE_BITCODE = NO;
				INFOPLIST_FILE = Favour/Info.plist;
				LD_RUNPATH_SEARCH_PATHS = "$(inherited) @executable_path/Frameworks";
				PRODUCT_BUNDLE_IDENTIFIER = com.example.Favour;
				PRODUCT_NAME = "$(TARGET_NAME)";
				SWIFT_VERSION = 4.0;
				TARGETED_DEVICE_FAMILY = "1,2";
			};
			name = Debug;
		};
		DCAFA1D920056D230012FDDA /* Release */ = {
			isa = XCBuildConfiguration;
			baseConfigurationReference = EFC7C83ED80C25CEEBB7A83A /* Pods-Favour.release.xcconfig */;
			buildSettings = {
				ASSETCATALOG_COMPILER_APPICON_NAME = AppIcon;
				CODE_SIGN_STYLE = Automatic;
				ENABLE_BITCODE = NO;
				INFOPLIST_FILE = Favour/Info.plist;
				LD_RUNPATH_SEARCH_PATHS = "$(inherited) @executable_path/Frameworks";
				PRODUCT_BUNDLE_IDENTIFIER = com.example.Favour;
				PRODUCT_NAME = "$(TARGET_NAME)";
				SWIFT_VERSION = 4.0;
				TARGETED_DEVICE_FAMILY = "1,2";
			};
			name = Release;
		};
/* End XCBuildConfiguration section */

/* Begin XCConfigurationList section */
		DCAFA1BD20056D230012FDDA /* Build configuration list for PBXProject "Favour" */ = {
			isa = XCConfigurationList;
			buildConfigurations = (
				DCAFA1D520056D230012FDDA /* Debug */,
				DCAFA1D620056D230012FDDA /* Release */,
			);
			defaultConfigurationIsVisible = 0;
			defaultConfigurationName = Release;
		};
		DCAFA1D720056D230012FDDA /* Build configuration list for PBXNativeTarget "Favour" */ = {
			isa = XCConfigurationList;
			buildConfigurations = (
				DCAFA1D820056D230012FDDA /* Debug */,
				DCAFA1D920056D230012FDDA /* Release */,
			);
			defaultConfigurationIsVisible = 0;
			defaultConfigurationName = Release;
		};
/* End XCConfigurationList section */

/* Begin XCVersionGroup section */
		DCAFA1CC20056D230012FDDA /* Favour.xcdatamodeld */ = {
			isa = XCVersionGroup;
			children = (
				DCAFA1CD20056D230012FDDA /* Favour.xcdatamodel */,
			);
			currentVersion = DCAFA1CD20056D230012FDDA /* Favour.xcdatamodel */;
			path = Favour.xcdatamodeld;
			sourceTree = "<group>";
			versionGroupType = wrapper.xcdatamodel;
		};
/* End XCVersionGroup section */
	};
	rootObject = DCAFA1BA20056D230012FDDA /* Project object */;
}
